
Microsoft Visual Studio Solution File, Format Version 12.00
# Visual Studio Version 17
VisualStudioVersion = 17.9.34902.65
MinimumVisualStudioVersion = 10.0.40219.1
Project("{9A19103F-16F7-4668-BE54-9A1E7A4F7556}") = "Cognizant.WCAG.Compliance.Checker", "Cognizant.WCAG.Compliance.Checker.csproj", "{950E8992-CB87-4145-88C2-47387702A182}"
EndProject
Global
	GlobalSection(SolutionConfigurationPlatforms) = preSolution
		Debug|Any CPU = Debug|Any CPU
		Release|Any CPU = Release|Any CPU
	EndGlobalSection
	GlobalSection(ProjectConfigurationPlatforms) = postSolution
		{950E8992-CB87-4145-88C2-47387702A182}.Debug|Any CPU.ActiveCfg = Debug|Any CPU
		{950E8992-CB87-4145-88C2-47387702A182}.Debug|Any CPU.Build.0 = Debug|Any CPU
		{950E8992-CB87-4145-88C2-47387702A182}.Release|Any CPU.ActiveCfg = Release|Any CPU
		{950E8992-CB87-4145-88C2-47387702A182}.Release|Any CPU.Build.0 = Release|Any CPU
	EndGlobalSection
	GlobalSection(SolutionProperties) = preSolution
		HideSolutionNode = FALSE
	EndGlobalSection
	GlobalSection(ExtensibilityGlobals) = postSolution
		SolutionGuid = {AF30D72F-032C-4572-9CA7-5496C7A119B1}
	EndGlobalSection
EndGlobal
